Microsoft Visual Studio Solution File, Format Version 12.00
# Visual Studio 14
VisualStudioVersion = 14.0.23107.0
MinimumVisualStudioVersion = 10.0.40219.1
Project("{8BC9CEB8-8B4A-11D0-8D11-00A0C91BC942}") = "MIDI2LR", "MIDI2LR.vcxproj", "{62CE7F88-4C2A-C448-873F-40363B88C6A3}"
EndProject
Global
	GlobalSection(SolutionConfigurationPlatforms) = preSolution
		Debug|Win32 = Debug|Win32
		Release|Win32 = Release|Win32
	EndGlobalSection
	GlobalSection(ProjectConfigurationPlatforms) = postSolution
		{62CE7F88-4C2A-C448-873F-40363B88C6A3}.Debug|Win32.ActiveCfg = Debug|Win32
		{62CE7F88-4C2A-C448-873F-40363B88C6A3}.Debug|Win32.Build.0 = Debug|Win32
		{62CE7F88-4C2A-C448-873F-40363B88C6A3}.Release|Win32.ActiveCfg = Release|Win32
		{62CE7F88-4C2A-C448-873F-40363B88C6A3}.Release|Win32.Build.0 = Release|Win32
	EndGlobalSection
	GlobalSection(SolutionProperties) = preSolution
		HideSolutionNode = FALSE
	EndGlobalSection
EndGlobal
